// !$*UTF8*$!
{
	archiveVersion = 1;
	classes = {
	};
	objectVersion = 46;
	objects = {

/* Begin PBXBuildFile section */
		3FAFA13A1F8EDA3C0004BE65 /* AppDelegate.swift in Sources */ = {isa = PBXBuildFile; fileRef = 3FAFA1391F8EDA3C0004BE65 /* AppDelegate.swift */; };
		3FAFA13C1F8EDA3C0004BE65 /* ViewController.swift in Sources */ = {isa = PBXBuildFile; fileRef = 3FAFA13B1F8EDA3C0004BE65 /* ViewController.swift */; };
		3FAFA13F1F8EDA3C0004BE65 /* Main.storyboard in Resources */ = {isa = PBXBuildFile; fileRef = 3FAFA13D1F8EDA3C0004BE65 /* Main.storyboard */; };
		3FAFA1411F8EDA3C0004BE65 /* Assets.xcassets in Resources */ = {isa = PBXBuildFile; fileRef = 3FAFA1401F8EDA3C0004BE65 /* Assets.xcassets */; };
		3FAFA1441F8EDA3C0004BE65 /* LaunchScreen.storyboard in Resources */ = {isa = PBXBuildFile; fileRef = 3FAFA1421F8EDA3C0004BE65 /* LaunchScreen.storyboard */; };
		3FAFA14C1F8EDCEF0004BE65 /* DatePickerViewController.swift in Sources */ = {isa = PBXBuildFile; fileRef = 3FAFA14B1F8EDCEF0004BE65 /* DatePickerViewController.swift */; };
		3FAFA14E1F8EDD740004BE65 /* SingleComponentPickerViewController.swift in Sources */ = {isa = PBXBuildFile; fileRef = 3FAFA14D1F8EDD740004BE65 /* SingleComponentPickerViewController.swift */; };
		3FAFA1501F8EDD830004BE65 /* DoubleComponentPickerViewController.swift in Sources */ = {isa = PBXBuildFile; fileRef = 3FAFA14F1F8EDD830004BE65 /* DoubleComponentPickerViewController.swift */; };
		3FAFA1521F8EDD930004BE65 /* DependentComponentPickerViewController.swift in Sources */ = {isa = PBXBuildFile; fileRef = 3FAFA1511F8EDD930004BE65 /* DependentComponentPickerViewController.swift */; };
		3FAFA1541F8EDDA40004BE65 /* CustomPickerViewController.swift in Sources */ = {isa = PBXBuildFile; fileRef = 3FAFA1531F8EDDA40004BE65 /* CustomPickerViewController.swift */; };
/* End PBXBuildFile section */

/* Begin PBXFileReference section */
		3FAFA1361F8EDA3C0004BE65 /* TabBarsAndPickers.app */ = {isa = PBXFileReference; explicitFileType = wrapper.application; includeInIndex = 0; path = TabBarsAndPickers.app; sourceTree = BUILT_PRODUCTS_DIR; };
		3FAFA1391F8EDA3C0004BE65 /* AppDelegate.swift */ = {isa = PBXFileReference; lastKnownFileType = sourcecode.swift; path = AppDelegate.swift; sourceTree = "<group>"; };
		3FAFA13B1F8EDA3C0004BE65 /* ViewController.swift */ = {isa = PBXFileReference; lastKnownFileType = sourcecode.swift; path = ViewController.swift; sourceTree = "<group>"; };
		3FAFA13E1F8EDA3C0004BE65 /* Base */ = {isa = PBXFileReference; lastKnownFileType = file.storyboard; name = Base; path = Base.lproj/Main.storyboard; sourceTree = "<group>"; };
		3FAFA1401F8EDA3C0004BE65 /* Assets.xcassets */ = {isa = PBXFileReference; lastKnownFileType = folder.assetcatalog; path = Assets.xcassets; sourceTree = "<group>"; };
		3FAFA1431F8EDA3C0004BE65 /* Base */ = {isa = PBXFileReference; lastKnownFileType = file.storyboard; name = Base; path = Base.lproj/LaunchScreen.storyboard; sourceTree = "<group>"; };
		3FAFA1451F8EDA3C0004BE65 /* Info.plist */ = {isa = PBXFileReference; lastKnownFileType = text.plist.xml; path = Info.plist; sourceTree = "<group>"; };
		3FAFA14B1F8EDCEF0004BE65 /* DatePickerViewController.swift */ = {isa = PBXFileReference; fileEncoding = 4; lastKnownFileType = sourcecode.swift; path = DatePickerViewController.swift; sourceTree = "<group>"; };
		3FAFA14D1F8EDD740004BE65 /* SingleComponentPickerViewController.swift */ = {isa = PBXFileReference; fileEncoding = 4; lastKnownFileType = sourcecode.swift; path = SingleComponentPickerViewController.swift; sourceTree = "<group>"; };
		3FAFA14F1F8EDD830004BE65 /* DoubleComponentPickerViewController.swift */ = {isa = PBXFileReference; fileEncoding = 4; lastKnownFileType = sourcecode.swift; path = DoubleComponentPickerViewController.swift; sourceTree = "<group>"; };
		3FAFA1511F8EDD930004BE65 /* DependentComponentPickerViewController.swift */ = {isa = PBXFileReference; fileEncoding = 4; lastKnownFileType = sourcecode.swift; path = DependentComponentPickerViewController.swift; sourceTree = "<group>"; };
		3FAFA1531F8EDDA40004BE65 /* CustomPickerViewController.swift */ = {isa = PBXFileReference; fileEncoding = 4; lastKnownFileType = sourcecode.swift; path = CustomPickerViewController.swift; sourceTree = "<group>"; };
/* End PBXFileReference section */

/* Begin PBXFrameworksBuildPhase section */
		3FAFA1331F8EDA3C0004BE65 /* Frameworks */ = {
			isa = PBXFrameworksBuildPhase;
			buildActionMask = 2147483647;
			files = (
			);
			runOnlyForDeploymentPostprocessing = 0;
		};
/* End PBXFrameworksBuildPhase section */

/* Begin PBXGroup section */
		3FAFA12D1F8EDA3C0004BE65 = {
			isa = PBXGroup;
			children = (
				3FAFA1381F8EDA3C0004BE65 /* TabBarsAndPickers */,
				3FAFA1371F8EDA3C0004BE65 /* Products */,
			);
			sourceTree = "<group>";
		};
		3FAFA1371F8EDA3C0004BE65 /* Products */ = {
			isa = PBXGroup;
			children = (
				3FAFA1361F8EDA3C0004BE65 /* TabBarsAndPickers.app */,
			);
			name = Products;
			sourceTree = "<group>";
		};
		3FAFA1381F8EDA3C0004BE65 /* TabBarsAndPickers */ = {
			isa = PBXGroup;
			children = (
				3FAFA1391F8EDA3C0004BE65 /* AppDelegate.swift */,
				3FAFA13B1F8EDA3C0004BE65 /* ViewController.swift */,
				3FAFA14B1F8EDCEF0004BE65 /* DatePickerViewController.swift */,
				3FAFA14D1F8EDD740004BE65 /* SingleComponentPickerViewController.swift */,
				3FAFA14F1F8EDD830004BE65 /* DoubleComponentPickerViewController.swift */,
				3FAFA1511F8EDD930004BE65 /* DependentComponentPickerViewController.swift */,
				3FAFA1531F8EDDA40004BE65 /* CustomPickerViewController.swift */,
				3FAFA13D1F8EDA3C0004BE65 /* Main.storyboard */,
				3FAFA1401F8EDA3C0004BE65 /* Assets.xcassets */,
				3FAFA1421F8EDA3C0004BE65 /* LaunchScreen.storyboard */,
				3FAFA1451F8EDA3C0004BE65 /* Info.plist */,
			);
			path = TabBarsAndPickers;
			sourceTree = "<group>";
		};
/* End PBXGroup section */

/* Begin PBXNativeTarget section */
		3FAFA1351F8EDA3C0004BE65 /* TabBarsAndPickers */ = {
			isa = PBXNativeTarget;
			buildConfigurationList = 3FAFA1481F8EDA3C0004BE65 /* Build configuration list for PBXNativeTarget "TabBarsAndPickers" */;
			buildPhases = (
				3FAFA1321F8EDA3C0004BE65 /* Sources */,
				3FAFA1331F8EDA3C0004BE65 /* Frameworks */,
				3FAFA1341F8EDA3C0004BE65 /* Resources */,
			);
			buildRules = (
			);
			dependencies = (
			);
			name = TabBarsAndPickers;
			productName = TabBarsAndPickers;
			productReference = 3FAFA1361F8EDA3C0004BE65 /* TabBarsAndPickers.app */;
			productType = "com.apple.product-type.application";
		};
/* End PBXNativeTarget section */

/* Begin PBXProject section */
		3FAFA12E1F8EDA3C0004BE65 /* Project object */ = {
			isa = PBXProject;
			attributes = {
				LastSwiftUpdateCheck = 0820;
				LastUpgradeCheck = 0820;
				ORGANIZATIONNAME = "Centennial College";
				TargetAttributes = {
					3FAFA1351F8EDA3C0004BE65 = {
						CreatedOnToolsVersion = 8.2.1;
						ProvisioningStyle = Automatic;
					};
				};
			};
			buildConfigurationList = 3FAFA1311F8EDA3C0004BE65 /* Build configuration list for PBXProject "TabBarsAndPickers" */;
			compatibilityVersion = "Xcode 3.2";
			developmentRegion = English;
			hasScannedForEncodings = 0;
			knownRegions = (
				en,
				Base,
			);
			mainGroup = 3FAFA12D1F8EDA3C0004BE65;
			productRefGroup = 3FAFA1371F8EDA3C0004BE65 /* Products */;
			projectDirPath = "";
			projectRoot = "";
			targets = (
				3FAFA1351F8EDA3C0004BE65 /* TabBarsAndPickers */,
			);
		};
/* End PBXProject section */

/* Begin PBXResourcesBuildPhase section */
		3FAFA1341F8EDA3C0004BE65 /* Resources */ = {
			isa = PBXResourcesBuildPhase;
			buildActionMask = 2147483647;
			files = (
				3FAFA1441F8EDA3C0004BE65 /* LaunchScreen.storyboard in Resources */,
				3FAFA1411F8EDA3C0004BE65 /* Assets.xcassets in Resources */,
				3FAFA13F1F8EDA3C0004BE65 /* Main.storyboard in Resources */,
			);
			runOnlyForDeploymentPostprocessing = 0;
		};
/* End PBXResourcesBuildPhase section */

/* Begin PBXSourcesBuildPhase section */
		3FAFA1321F8EDA3C0004BE65 /* Sources */ = {
			isa = PBXSourcesBuildPhase;
			buildActionMask = 2147483647;
			files = (
				3FAFA13C1F8EDA3C0004BE65 /* ViewController.swift in Sources */,
				3FAFA13A1F8EDA3C0004BE65 /* AppDelegate.swift in Sources */,
				3FAFA1521F8EDD930004BE65 /* DependentComponentPickerViewController.swift in Sources */,
				3FAFA1501F8EDD830004BE65 /* DoubleComponentPickerViewController.swift in Sources */,
				3FAFA1541F8EDDA40004BE65 /* CustomPickerViewController.swift in Sources */,
				3FAFA14E1F8EDD740004BE65 /* SingleComponentPickerViewController.swift in Sources */,
				3FAFA14C1F8EDCEF0004BE65 /* DatePickerViewController.swift in Sources */,
			);
			runOnlyForDeploymentPostprocessing = 0;
		};
/* End PBXSourcesBuildPhase section */

/* Begin PBXVariantGroup section */
		3FAFA13D1F8EDA3C0004BE65 /* Main.storyboard */ = {
			isa = PBXVariantGroup;
			children = (
				3FAFA13E1F8EDA3C0004BE65 /* Base */,
			);
			name = Main.storyboard;
			sourceTree = "<group>";
		};
		3FAFA1421F8EDA3C0004BE65 /* LaunchScreen.storyboard */ = {
			isa = PBXVariantGroup;
			children = (
				3FAFA1431F8EDA3C0004BE65 /* Base */,
			);
			name = LaunchScreen.storyboard;
			sourceTree = "<group>";
		};
/* End PBXVariantGroup section */

/* Begin XCBuildConfiguration section */
		3FAFA1461F8EDA3C0004BE65 /* Debug */ = {
			isa = XCBuildConfiguration;
			buildSettings = {
				ALWAYS_SEARCH_USER_PATHS = NO;
				CLANG_ANALYZER_NONNULL = YES;
				CLANG_CXX_LANGUAGE_STANDARD = "gnu++0x";
				CLANG_CXX_LIBRARY = "libc++";
				CLANG_ENABLE_MODULES = YES;
				CLANG_ENABLE_OBJC_ARC = YES;
				CLANG_WARN_BOOL_CONVERSION = YES;
				CLANG_WARN_CONSTANT_CONVERSION = YES;
				CLANG_WARN_DIRECT_OBJC_ISA_USAGE = YES_ERROR;
				CLANG_WARN_DOCUMENTATION_COMMENTS = YES;
				CLANG_WARN_EMPTY_BODY = YES;
				CLANG_WARN_ENUM_CONVERSION = YES;
				CLANG_WARN_INFINITE_RECURSION = YES;
				CLANG_WARN_INT_CONVERSION = YES;
				CLANG_WARN_OBJC_ROOT_CLASS = YES_ERROR;
				CLANG_WARN_SUSPICIOUS_MOVE = YES;
				CLANG_WARN_UNREACHABLE_CODE = YES;
				CLANG_WARN__DUPLICATE_METHOD_MATCH = YES;
				"CODE_SIGN_IDENTITY[sdk=iphoneos*]" = "iPhone Developer";
				COPY_PHASE_STRIP = NO;
				DEBUG_INFORMATION_FORMAT = dwarf;
				ENABLE_STRICT_OBJC_MSGSEND = YES;
				ENABLE_TESTABILITY = YES;
				GCC_C_LANGUAGE_STANDARD = gnu99;
				GCC_DYNAMIC_NO_PIC = NO;
				GCC_NO_COMMON_BLOCKS = YES;
				GCC_OPTIMIZATION_LEVEL = 0;
				GCC_PREPROCESSOR_DEFINITIONS = (
					"DEBUG=1",
					"$(inherited)",
				);
				GCC_WARN_64_TO_32_BIT_CONVERSION = YES;
				GCC_WARN_ABOUT_RETURN_TYPE = YES_ERROR;
				GCC_WARN_UNDECLARED_SELECTOR = YES;
				GCC_WARN_UNINITIALIZED_AUTOS = YES_AGGRESSIVE;
				GCC_WARN_UNUSED_FUNCTION = YES;
				GCC_WARN_UNUSED_VARIABLE = YES;
				IPHONEOS_DEPLOYMENT_TARGET = 10.2;
				MTL_ENABLE_DEBUG_INFO = YES;
				ONLY_ACTIVE_ARCH = YES;
				SDKROOT = iphoneos;
				SWIFT_ACTIVE_COMPILATION_CONDITIONS = DEBUG;
				SWIFT_OPTIMIZATION_LEVEL = "-Onone";
			};
			name = Debug;
		};
		3FAFA1471F8EDA3C0004BE65 /* Release */ = {
			isa = XCBuildConfiguration;
			buildSettings = {
				ALWAYS_SEARCH_USER_PATHS = NO;
				CLANG_ANALYZER_NONNULL = YES;
				CLANG_CXX_LANGUAGE_STANDARD = "gnu++0x";
				CLANG_CXX_LIBRARY = "libc++";
				CLANG_ENABLE_MODULES = YES;
				CLANG_ENABLE_OBJC_ARC = YES;
				CLANG_WARN_BOOL_CONVERSION = YES;
				CLANG_WARN_CONSTANT_CONVERSION = YES;
				CLANG_WARN_DIRECT_OBJC_ISA_USAGE = YES_ERROR;
				CLANG_WARN_DOCUMENTATION_COMMENTS = YES;
				CLANG_WARN_EMPTY_BODY = YES;
				CLANG_WARN_ENUM_CONVERSION = YES;
				CLANG_WARN_INFINITE_RECURSION = YES;
				CLANG_WARN_INT_CONVERSION = YES;
				CLANG_WARN_OBJC_ROOT_CLASS = YES_ERROR;
				CLANG_WARN_SUSPICIOUS_MOVE = YES;
				CLANG_WARN_UNREACHABLE_CODE = YES;
				CLANG_WARN__DUPLICATE_METHOD_MATCH = YES;
				"CODE_SIGN_IDENTITY[sdk=iphoneos*]" = "iPhone Developer";
				COPY_PHASE_STRIP = NO;
				DEBUG_INFORMATION_FORMAT = "dwarf-with-dsym";
				ENABLE_NS_ASSERTIONS = NO;
				ENABLE_STRICT_OBJC_MSGSEND = YES;
				GCC_C_LANGUAGE_STANDARD = gnu99;
				GCC_NO_COMMON_BLOCKS = YES;
				GCC_WARN_64_TO_32_BIT_CONVERSION = YES;
				GCC_WARN_ABOUT_RETURN_TYPE = YES_ERROR;
				GCC_WARN_UNDECLARED_SELECTOR = YES;
				GCC_WARN_UNINITIALIZED_AUTOS = YES_AGGRESSIVE;
				GCC_WARN_UNUSED_FUNCTION = YES;
				GCC_WARN_UNUSED_VARIABLE = YES;
				IPHONEOS_DEPLOYMENT_TARGET = 10.2;
				MTL_ENABLE_DEBUG_INFO = NO;
				SDKROOT = iphoneos;
				SWIFT_OPTIMIZATION_LEVEL = "-Owholemodule";
				VALIDATE_PRODUCT = YES;
			};
			name = Release;
		};
		3FAFA1491F8EDA3C0004BE65 /* Debug */ = {
			isa = XCBuildConfiguration;
			buildSettings = {
				ASSETCATALOG_COMPILER_APPICON_NAME = AppIcon;
				INFOPLIST_FILE = TabBarsAndPickers/Info.plist;
				LD_RUNPATH_SEARCH_PATHS = "$(inherited) @executable_path/Frameworks";
				PRODUCT_BUNDLE_IDENTIFIER = ca.centennialcollege.TabBarsAndPickers;
				PRODUCT_NAME = "$(TARGET_NAME)";
				SWIFT_VERSION = 3.0;
			};
			name = Debug;
		};
		3FAFA14A1F8EDA3C0004BE65 /* Release */ = {
			isa = XCBuildConfiguration;
			buildSettings = {
				ASSETCATALOG_COMPILER_APPICON_NAME = AppIcon;
				INFOPLIST_FILE = TabBarsAndPickers/Info.plist;
				LD_RUNPATH_SEARCH_PATHS = "$(inherited) @executable_path/Frameworks";
				PRODUCT_BUNDLE_IDENTIFIER = ca.centennialcollege.TabBarsAndPickers;
				PRODUCT_NAME = "$(TARGET_NAME)";
				SWIFT_VERSION = 3.0;
			};
			name = Release;
		};
/* End XCBuildConfiguration section */

/* Begin XCConfigurationList section */
		3FAFA1311F8EDA3C0004BE65 /* Build configuration list for PBXProject "TabBarsAndPickers" */ = {
			isa = XCConfigurationList;
			buildConfigurations = (
				3FAFA1461F8EDA3C0004BE65 /* Debug */,
				3FAFA1471F8EDA3C0004BE65 /* Release */,
			);
			defaultConfigurationIsVisible = 0;
			defaultConfigurationName = Release;
		};
		3FAFA1481F8EDA3C0004BE65 /* Build configuration list for PBXNativeTarget "TabBarsAndPickers" */ = {
			isa = XCConfigurationList;
			buildConfigurations = (
				3FAFA1491F8EDA3C0004BE65 /* Debug */,
				3FAFA14A1F8EDA3C0004BE65 /* Release */,
			);
			defaultConfigurationIsVisible = 0;
		};
/* End XCConfigurationList section */
	};
	rootObject = 3FAFA12E1F8EDA3C0004BE65 /* Project object */;
}
